// !$*UTF8*$!
{
	archiveVersion = 1;
	classes = {
	};
	objectVersion = 55;
	objects = {

/* Begin PBXBuildFile section */
		8468A99F27DCCCF0006A9064 /* SampleApp.swift in Sources */ = {isa = PBXBuildFile; fileRef = 8468A98F27DCCCEE006A9064 /* SampleApp.swift */; };
		8468A9A027DCCCF0006A9064 /* SampleApp.swift in Sources */ = {isa = PBXBuildFile; fileRef = 8468A98F27DCCCEE006A9064 /* SampleApp.swift */; };
		8468A9A127DCCCF0006A9064 /* SampleView.swift in Sources */ = {isa = PBXBuildFile; fileRef = 8468A99027DCCCEE006A9064 /* SampleView.swift */; };
		8468A9A227DCCCF0006A9064 /* SampleView.swift in Sources */ = {isa = PBXBuildFile; fileRef = 8468A99027DCCCEE006A9064 /* SampleView.swift */; };
		8468A9A327DCCCF0006A9064 /* Assets.xcassets in Resources */ = {isa = PBXBuildFile; fileRef = 8468A99127DCCCF0006A9064 /* Assets.xcassets */; };
		8468A9A427DCCCF0006A9064 /* Assets.xcassets in Resources */ = {isa = PBXBuildFile; fileRef = 8468A99127DCCCF0006A9064 /* Assets.xcassets */; };
		8468A9B027DCD198006A9064 /* TextSample.swift in Sources */ = {isa = PBXBuildFile; fileRef = 8468A9AF27DCD198006A9064 /* TextSample.swift */; };
		8468A9B127DCD198006A9064 /* TextSample.swift in Sources */ = {isa = PBXBuildFile; fileRef = 8468A9AF27DCD198006A9064 /* TextSample.swift */; };
		8468A9B327DCD678006A9064 /* ImageSample.swift in Sources */ = {isa = PBXBuildFile; fileRef = 8468A9B227DCD678006A9064 /* ImageSample.swift */; };
		8468A9B427DCD678006A9064 /* ImageSample.swift in Sources */ = {isa = PBXBuildFile; fileRef = 8468A9B227DCD678006A9064 /* ImageSample.swift */; };
/* End PBXBuildFile section */

/* Begin PBXFileReference section */
		8468A98F27DCCCEE006A9064 /* SampleApp.swift */ = {isa = PBXFileReference; lastKnownFileType = sourcecode.swift; path = SampleApp.swift; sourceTree = "<group>"; };
		8468A99027DCCCEE006A9064 /* SampleView.swift */ = {isa = PBXFileReference; lastKnownFileType = sourcecode.swift; path = SampleView.swift; sourceTree = "<group>"; };
		8468A99127DCCCF0006A9064 /* Assets.xcassets */ = {isa = PBXFileReference; lastKnownFileType = folder.assetcatalog; path = Assets.xcassets; sourceTree = "<group>"; };
		8468A99627DCCCF0006A9064 /* SwiftUI Sample.app */ = {isa = PBXFileReference; explicitFileType = wrapper.application; includeInIndex = 0; path = "SwiftUI Sample.app"; sourceTree = BUILT_PRODUCTS_DIR; };
		8468A99C27DCCCF0006A9064 /* sample.app */ = {isa = PBXFileReference; explicitFileType = wrapper.application; includeInIndex = 0; path = sample.app; sourceTree = BUILT_PRODUCTS_DIR; };
		8468A99E27DCCCF0006A9064 /* macOS.entitlements */ = {isa = PBXFileReference; lastKnownFileType = text.plist.entitlements; path = macOS.entitlements; sourceTree = "<group>"; };
		8468A9AF27DCD198006A9064 /* TextSample.swift */ = {isa = PBXFileReference; lastKnownFileType = sourcecode.swift; path = TextSample.swift; sourceTree = "<group>"; };
		8468A9B227DCD678006A9064 /* ImageSample.swift */ = {isa = PBXFileReference; lastKnownFileType = sourcecode.swift; path = ImageSample.swift; sourceTree = "<group>"; };
/* End PBXFileReference section */

/* Begin PBXFrameworksBuildPhase section */
		8468A99327DCCCF0006A9064 /* Frameworks */ = {
			isa = PBXFrameworksBuildPhase;
			buildActionMask = 2147483647;
			files = (
			);
			runOnlyForDeploymentPostprocessing = 0;
		};
		8468A99927DCCCF0006A9064 /* Frameworks */ = {
			isa = PBXFrameworksBuildPhase;
			buildActionMask = 2147483647;
			files = (
			);
			runOnlyForDeploymentPostprocessing = 0;
		};
/* End PBXFrameworksBuildPhase section */

/* Begin PBXGroup section */
		8468A98927DCCCEE006A9064 = {
			isa = PBXGroup;
			children = (
				8468A98E27DCCCEE006A9064 /* Shared */,
				8468A99D27DCCCF0006A9064 /* macOS */,
				8468A99727DCCCF0006A9064 /* Products */,
			);
			sourceTree = "<group>";
		};
		8468A98E27DCCCEE006A9064 /* Shared */ = {
			isa = PBXGroup;
			children = (
				8468A9AE27DCCDFD006A9064 /* View */,
				8468A9AD27DCCDF6006A9064 /* Model */,
				8468A98F27DCCCEE006A9064 /* SampleApp.swift */,
				8468A99027DCCCEE006A9064 /* SampleView.swift */,
				8468A99127DCCCF0006A9064 /* Assets.xcassets */,
			);
			path = Shared;
			sourceTree = "<group>";
		};
		8468A99727DCCCF0006A9064 /* Products */ = {
			isa = PBXGroup;
			children = (
				8468A99627DCCCF0006A9064 /* SwiftUI Sample.app */,
				8468A99C27DCCCF0006A9064 /* sample.app */,
			);
			name = Products;
			sourceTree = "<group>";
		};
		8468A99D27DCCCF0006A9064 /* macOS */ = {
			isa = PBXGroup;
			children = (
				8468A99E27DCCCF0006A9064 /* macOS.entitlements */,
			);
			path = macOS;
			sourceTree = "<group>";
		};
		8468A9AD27DCCDF6006A9064 /* Model */ = {
			isa = PBXGroup;
			children = (
			);
			name = Model;
			sourceTree = "<group>";
		};
		8468A9AE27DCCDFD006A9064 /* View */ = {
			isa = PBXGroup;
			children = (
				8468A9AF27DCD198006A9064 /* TextSample.swift */,
				8468A9B227DCD678006A9064 /* ImageSample.swift */,
			);
			path = View;
			sourceTree = "<group>";
		};
/* End PBXGroup section */

/* Begin PBXNativeTarget section */
		8468A99527DCCCF0006A9064 /* sample (iOS) */ = {
			isa = PBXNativeTarget;
			buildConfigurationList = 8468A9A727DCCCF0006A9064 /* Build configuration list for PBXNativeTarget "sample (iOS)" */;
			buildPhases = (
				8468A99227DCCCF0006A9064 /* Sources */,
				8468A99327DCCCF0006A9064 /* Frameworks */,
				8468A99427DCCCF0006A9064 /* Resources */,
			);
			buildRules = (
			);
			dependencies = (
			);
			name = "sample (iOS)";
			productName = "sample (iOS)";
			productReference = 8468A99627DCCCF0006A9064 /* SwiftUI Sample.app */;
			productType = "com.apple.product-type.application";
		};
		8468A99B27DCCCF0006A9064 /* sample (macOS) */ = {
			isa = PBXNativeTarget;
			buildConfigurationList = 8468A9AA27DCCCF0006A9064 /* Build configuration list for PBXNativeTarget "sample (macOS)" */;
			buildPhases = (
				8468A99827DCCCF0006A9064 /* Sources */,
				8468A99927DCCCF0006A9064 /* Frameworks */,
				8468A99A27DCCCF0006A9064 /* Resources */,
			);
			buildRules = (
			);
			dependencies = (
			);
			name = "sample (macOS)";
			productName = "sample (macOS)";
			productReference = 8468A99C27DCCCF0006A9064 /* sample.app */;
			productType = "com.apple.product-type.application";
		};
/* End PBXNativeTarget section */

/* Begin PBXProject section */
		8468A98A27DCCCEE006A9064 /* Project object */ = {
			isa = PBXProject;
			attributes = {
				BuildIndependentTargetsInParallel = 1;
				LastSwiftUpdateCheck = 1320;
				LastUpgradeCheck = 1320;
				TargetAttributes = {
					8468A99527DCCCF0006A9064 = {
						CreatedOnToolsVersion = 13.2.1;
					};
					8468A99B27DCCCF0006A9064 = {
						CreatedOnToolsVersion = 13.2.1;
					};
				};
			};
			buildConfigurationList = 8468A98D27DCCCEE006A9064 /* Build configuration list for PBXProject "sample" */;
			compatibilityVersion = "Xcode 13.0";
			developmentRegion = en;
			hasScannedForEncodings = 0;
			knownRegions = (
				en,
				Base,
				"zh-Hant",
			);
			mainGroup = 8468A98927DCCCEE006A9064;
			productRefGroup = 8468A99727DCCCF0006A9064 /* Products */;
			projectDirPath = "";
			projectRoot = "";
			targets = (
				8468A99527DCCCF0006A9064 /* sample (iOS) */,
				8468A99B27DCCCF0006A9064 /* sample (macOS) */,
			);
		};
/* End PBXProject section */

/* Begin PBXResourcesBuildPhase section */
		8468A99427DCCCF0006A9064 /* Resources */ = {
			isa = PBXResourcesBuildPhase;
			buildActionMask = 2147483647;
			files = (
				8468A9A327DCCCF0006A9064 /* Assets.xcassets in Resources */,
			);
			runOnlyForDeploymentPostprocessing = 0;
		};
		8468A99A27DCCCF0006A9064 /* Resources */ = {
			isa = PBXResourcesBuildPhase;
			buildActionMask = 2147483647;
			files = (
				8468A9A427DCCCF0006A9064 /* Assets.xcassets in Resources */,
			);
			runOnlyForDeploymentPostprocessing = 0;
		};
/* End PBXResourcesBuildPhase section */

/* Begin PBXSourcesBuildPhase section */
		8468A99227DCCCF0006A9064 /* Sources */ = {
			isa = PBXSourcesBuildPhase;
			buildActionMask = 2147483647;
			files = (
				8468A9A127DCCCF0006A9064 /* SampleView.swift in Sources */,
				8468A9B327DCD678006A9064 /* ImageSample.swift in Sources */,
				8468A9B027DCD198006A9064 /* TextSample.swift in Sources */,
				8468A99F27DCCCF0006A9064 /* SampleApp.swift in Sources */,
			);
			runOnlyForDeploymentPostprocessing = 0;
		};
		8468A99827DCCCF0006A9064 /* Sources */ = {
			isa = PBXSourcesBuildPhase;
			buildActionMask = 2147483647;
			files = (
				8468A9A227DCCCF0006A9064 /* SampleView.swift in Sources */,
				8468A9B427DCD678006A9064 /* ImageSample.swift in Sources */,
				8468A9B127DCD198006A9064 /* TextSample.swift in Sources */,
				8468A9A027DCCCF0006A9064 /* SampleApp.swift in Sources */,
			);
			runOnlyForDeploymentPostprocessing = 0;
		};
/* End PBXSourcesBuildPhase section */

/* Begin XCBuildConfiguration section */
		8468A9A527DCCCF0006A9064 /* Debug */ = {
			isa = XCBuildConfiguration;
			buildSettings = {
				ALWAYS_SEARCH_USER_PATHS = NO;
				CLANG_ANALYZER_NONNULL = YES;
				CLANG_ANALYZER_NUMBER_OBJECT_CONVERSION = YES_AGGRESSIVE;
				CLANG_CXX_LANGUAGE_STANDARD = "gnu++17";
				CLANG_CXX_LIBRARY = "libc++";
				CLANG_ENABLE_MODULES = YES;
				CLANG_ENABLE_OBJC_ARC = YES;
				CLANG_ENABLE_OBJC_WEAK = YES;
				CLANG_WARN_BLOCK_CAPTURE_AUTORELEASING = YES;
				CLANG_WARN_BOOL_CONVERSION = YES;
				CLANG_WARN_COMMA = YES;
				CLANG_WARN_CONSTANT_CONVERSION = YES;
				CLANG_WARN_DEPRECATED_OBJC_IMPLEMENTATIONS = YES;
				CLANG_WARN_DIRECT_OBJC_ISA_USAGE = YES_ERROR;
				CLANG_WARN_DOCUMENTATION_COMMENTS = YES;
				CLANG_WARN_EMPTY_BODY = YES;
				CLANG_WARN_ENUM_CONVERSION = YES;
				CLANG_WARN_INFINITE_RECURSION = YES;
				CLANG_WARN_INT_CONVERSION = YES;
				CLANG_WARN_NON_LITERAL_NULL_CONVERSION = YES;
				CLANG_WARN_OBJC_IMPLICIT_RETAIN_SELF = YES;
				CLANG_WARN_OBJC_LITERAL_CONVERSION = YES;
				CLANG_WARN_OBJC_ROOT_CLASS = YES_ERROR;
				CLANG_WARN_QUOTED_INCLUDE_IN_FRAMEWORK_HEADER = YES;
				CLANG_WARN_RANGE_LOOP_ANALYSIS = YES;
				CLANG_WARN_STRICT_PROTOTYPES = YES;
				CLANG_WARN_SUSPICIOUS_MOVE = YES;
				CLANG_WARN_UNGUARDED_AVAILABILITY = YES_AGGRESSIVE;
				CLANG_WARN_UNREACHABLE_CODE = YES;
				CLANG_WARN__DUPLICATE_METHOD_MATCH = YES;
				COPY_PHASE_STRIP = NO;
				DEBUG_INFORMATION_FORMAT = dwarf;
				ENABLE_STRICT_OBJC_MSGSEND = YES;
				ENABLE_TESTABILITY = YES;
				GCC_C_LANGUAGE_STANDARD = gnu11;
				GCC_DYNAMIC_NO_PIC = NO;
				GCC_NO_COMMON_BLOCKS = YES;
				GCC_OPTIMIZATION_LEVEL = 0;
				GCC_PREPROCESSOR_DEFINITIONS = (
					"DEBUG=1",
					"$(inherited)",
				);
				GCC_WARN_64_TO_32_BIT_CONVERSION = YES;
				GCC_WARN_ABOUT_RETURN_TYPE = YES_ERROR;
				GCC_WARN_UNDECLARED_SELECTOR = YES;
				GCC_WARN_UNINITIALIZED_AUTOS = YES_AGGRESSIVE;
				GCC_WARN_UNUSED_FUNCTION = YES;
				GCC_WARN_UNUSED_VARIABLE = YES;
				MTL_ENABLE_DEBUG_INFO = INCLUDE_SOURCE;
				MTL_FAST_MATH = YES;
				ONLY_ACTIVE_ARCH = YES;
				SWIFT_ACTIVE_COMPILATION_CONDITIONS = DEBUG;
				SWIFT_OPTIMIZATION_LEVEL = "-Onone";
			};
			name = Debug;
		};
		8468A9A627DCCCF0006A9064 /* Release */ = {
			isa = XCBuildConfiguration;
			buildSettings = {
				ALWAYS_SEARCH_USER_PATHS = NO;
				CLANG_ANALYZER_NONNULL = YES;
				CLANG_ANALYZER_NUMBER_OBJECT_CONVERSION = YES_AGGRESSIVE;
				CLANG_CXX_LANGUAGE_STANDARD = "gnu++17";
				CLANG_CXX_LIBRARY = "libc++";
				CLANG_ENABLE_MODULES = YES;
				CLANG_ENABLE_OBJC_ARC = YES;
				CLANG_ENABLE_OBJC_WEAK = YES;
				CLANG_WARN_BLOCK_CAPTURE_AUTORELEASING = YES;
				CLANG_WARN_BOOL_CONVERSION = YES;
				CLANG_WARN_COMMA = YES;
				CLANG_WARN_CONSTANT_CONVERSION = YES;
				CLANG_WARN_DEPRECATED_OBJC_IMPLEMENTATIONS = YES;
				CLANG_WARN_DIRECT_OBJC_ISA_USAGE = YES_ERROR;
				CLANG_WARN_DOCUMENTATION_COMMENTS = YES;
				CLANG_WARN_EMPTY_BODY = YES;
				CLANG_WARN_ENUM_CONVERSION = YES;
				CLANG_WARN_INFINITE_RECURSION = YES;
				CLANG_WARN_INT_CONVERSION = YES;
				CLANG_WARN_NON_LITERAL_NULL_CONVERSION = YES;
				CLANG_WARN_OBJC_IMPLICIT_RETAIN_SELF = YES;
				CLANG_WARN_OBJC_LITERAL_CONVERSION = YES;
				CLANG_WARN_OBJC_ROOT_CLASS = YES_ERROR;
				CLANG_WARN_QUOTED_INCLUDE_IN_FRAMEWORK_HEADER = YES;
				CLANG_WARN_RANGE_LOOP_ANALYSIS = YES;
				CLANG_WARN_STRICT_PROTOTYPES = YES;
				CLANG_WARN_SUSPICIOUS_MOVE = YES;
				CLANG_WARN_UNGUARDED_AVAILABILITY = YES_AGGRESSIVE;
				CLANG_WARN_UNREACHABLE_CODE = YES;
				CLANG_WARN__DUPLICATE_METHOD_MATCH = YES;
				COPY_PHASE_STRIP = NO;
				DEBUG_INFORMATION_FORMAT = "dwarf-with-dsym";
				ENABLE_NS_ASSERTIONS = NO;
				ENABLE_STRICT_OBJC_MSGSEND = YES;
				GCC_C_LANGUAGE_STANDARD = gnu11;
				GCC_NO_COMMON_BLOCKS = YES;
				GCC_WARN_64_TO_32_BIT_CONVERSION = YES;
				GCC_WARN_ABOUT_RETURN_TYPE = YES_ERROR;
				GCC_WARN_UNDECLARED_SELECTOR = YES;
				GCC_WARN_UNINITIALIZED_AUTOS = YES_AGGRESSIVE;
				GCC_WARN_UNUSED_FUNCTION = YES;
				GCC_WARN_UNUSED_VARIABLE = YES;
				MTL_ENABLE_DEBUG_INFO = NO;
				MTL_FAST_MATH = YES;
				SWIFT_COMPILATION_MODE = wholemodule;
				SWIFT_OPTIMIZATION_LEVEL = "-O";
			};
			name = Release;
		};
		8468A9A827DCCCF0006A9064 /* Debug */ = {
			isa = XCBuildConfiguration;
			buildSettings = {
				ASSETCATALOG_COMPILER_APPICON_NAME = AppIcon;
				ASSETCATALOG_COMPILER_GLOBAL_ACCENT_COLOR_NAME = AccentColor;
				CODE_SIGN_STYLE = Automatic;
				CURRENT_PROJECT_VERSION = 1;
				DEVELOPMENT_TEAM = F783FQ9CBT;
				ENABLE_PREVIEWS = YES;
				GENERATE_INFOPLIST_FILE = YES;
				INFOPLIST_KEY_UIApplicationSceneManifest_Generation = YES;
				INFOPLIST_KEY_UIApplicationSupportsIndirectInputEvents = YES;
				INFOPLIST_KEY_UILaunchScreen_Generation = YES;
				INFOPLIST_KEY_UISupportedInterfaceOrientations = "";
				INFOPLIST_KEY_UISupportedInterfaceOrientations_iPad = "UIInterfaceOrientationPortrait UIInterfaceOrientationPortraitUpsideDown UIInterfaceOrientationLandscapeLeft UIInterfaceOrientationLandscapeRight";
				INFOPLIST_KEY_UISupportedInterfaceOrientations_iPhone = "UIInterfaceOrientationPortrait UIInterfaceOrientationLandscapeLeft UIInterfaceOrientationLandscapeRight";
				IPHONEOS_DEPLOYMENT_TARGET = 15.2;
				LD_RUNPATH_SEARCH_PATHS = (
					"$(inherited)",
					"@executable_path/Frameworks",
				);
				MARKETING_VERSION = 1.0;
				PRODUCT_BUNDLE_IDENTIFIER = tw.idv.swiftui.sample;
				PRODUCT_NAME = "SwiftUI Sample";
				SDKROOT = iphoneos;
				SWIFT_EMIT_LOC_STRINGS = YES;
				SWIFT_VERSION = 5.0;
				TARGETED_DEVICE_FAMILY = "1,2";
			};
			name = Debug;
		};
		8468A9A927DCCCF0006A9064 /* Release */ = {
			isa = XCBuildConfiguration;
			buildSettings = {
				ASSETCATALOG_COMPILER_APPICON_NAME = AppIcon;
				ASSETCATALOG_COMPILER_GLOBAL_ACCENT_COLOR_NAME = AccentColor;
				CODE_SIGN_STYLE = Automatic;
				CURRENT_PROJECT_VERSION = 1;
				DEVELOPMENT_TEAM = F783FQ9CBT;
				ENABLE_PREVIEWS = YES;
				GENERATE_INFOPLIST_FILE = YES;
				INFOPLIST_KEY_UIApplicationSceneManifest_Generation = YES;
				INFOPLIST_KEY_UIApplicationSupportsIndirectInputEvents = YES;
				INFOPLIST_KEY_UILaunchScreen_Generation = YES;
				INFOPLIST_KEY_UISupportedInterfaceOrientations = "";
				INFOPLIST_KEY_UISupportedInterfaceOrientations_iPad = "UIInterfaceOrientationPortrait UIInterfaceOrientationPortraitUpsideDown UIInterfaceOrientationLandscapeLeft UIInterfaceOrientationLandscapeRight";
				INFOPLIST_KEY_UISupportedInterfaceOrientations_iPhone = "UIInterfaceOrientationPortrait UIInterfaceOrientationLandscapeLeft UIInterfaceOrientationLandscapeRight";
				IPHONEOS_DEPLOYMENT_TARGET = 15.2;
				LD_RUNPATH_SEARCH_PATHS = (
					"$(inherited)",
					"@executable_path/Frameworks",
				);
				MARKETING_VERSION = 1.0;
				PRODUCT_BUNDLE_IDENTIFIER = tw.idv.swiftui.sample;
				PRODUCT_NAME = "SwiftUI Sample";
				SDKROOT = iphoneos;
				SWIFT_EMIT_LOC_STRINGS = YES;
				SWIFT_VERSION = 5.0;
				TARGETED_DEVICE_FAMILY = "1,2";
				VALIDATE_PRODUCT = YES;
			};
			name = Release;
		};
		8468A9AB27DCCCF0006A9064 /* Debug */ = {
			isa = XCBuildConfiguration;
			buildSettings = {
				ASSETCATALOG_COMPILER_APPICON_NAME = AppIcon;
				ASSETCATALOG_COMPILER_GLOBAL_ACCENT_COLOR_NAME = AccentColor;
				CODE_SIGN_ENTITLEMENTS = macOS/macOS.entitlements;
				CODE_SIGN_STYLE = Automatic;
				COMBINE_HIDPI_IMAGES = YES;
				CURRENT_PROJECT_VERSION = 1;
				DEVELOPMENT_TEAM = F783FQ9CBT;
				ENABLE_HARDENED_RUNTIME = YES;
				ENABLE_PREVIEWS = YES;
				GENERATE_INFOPLIST_FILE = YES;
				INFOPLIST_KEY_NSHumanReadableCopyright = "";
				LD_RUNPATH_SEARCH_PATHS = (
					"$(inherited)",
					"@executable_path/../Frameworks",
				);
				MACOSX_DEPLOYMENT_TARGET = 12.1;
				MARKETING_VERSION = 1.0;
				PRODUCT_BUNDLE_IDENTIFIER = tw.com.demo.sample;
				PRODUCT_NAME = sample;
				SDKROOT = macosx;
				SWIFT_EMIT_LOC_STRINGS = YES;
				SWIFT_VERSION = 5.0;
			};
			name = Debug;
		};
		8468A9AC27DCCCF0006A9064 /* Release */ = {
			isa = XCBuildConfiguration;
			buildSettings = {
				ASSETCATALOG_COMPILER_APPICON_NAME = AppIcon;
				ASSETCATALOG_COMPILER_GLOBAL_ACCENT_COLOR_NAME = AccentColor;
				CODE_SIGN_ENTITLEMENTS = macOS/macOS.entitlements;
				CODE_SIGN_STYLE = Automatic;
				COMBINE_HIDPI_IMAGES = YES;
				CURRENT_PROJECT_VERSION = 1;
				DEVELOPMENT_TEAM = F783FQ9CBT;
				ENABLE_HARDENED_RUNTIME = YES;
				ENABLE_PREVIEWS = YES;
				GENERATE_INFOPLIST_FILE = YES;
				INFOPLIST_KEY_NSHumanReadableCopyright = "";
				LD_RUNPATH_SEARCH_PATHS = (
					"$(inherited)",
					"@executable_path/../Frameworks",
				);
				MACOSX_DEPLOYMENT_TARGET = 12.1;
				MARKETING_VERSION = 1.0;
				PRODUCT_BUNDLE_IDENTIFIER = tw.com.demo.sample;
				PRODUCT_NAME = sample;
				SDKROOT = macosx;
				SWIFT_EMIT_LOC_STRINGS = YES;
				SWIFT_VERSION = 5.0;
			};
			name = Release;
		};
/* End XCBuildConfiguration section */

/* Begin XCConfigurationList section */
		8468A98D27DCCCEE006A9064 /* Build configuration list for PBXProject "sample" */ = {
			isa = XCConfigurationList;
			buildConfigurations = (
				8468A9A527DCCCF0006A9064 /* Debug */,
				8468A9A627DCCCF0006A9064 /* Release */,
			);
			defaultConfigurationIsVisible = 0;
			defaultConfigurationName = Release;
		};
		8468A9A727DCCCF0006A9064 /* Build configuration list for PBXNativeTarget "sample (iOS)" */ = {
			isa = XCConfigurationList;
			buildConfigurations = (
				8468A9A827DCCCF0006A9064 /* Debug */,
				8468A9A927DCCCF0006A9064 /* Release */,
			);
			defaultConfigurationIsVisible = 0;
			defaultConfigurationName = Release;
		};
		8468A9AA27DCCCF0006A9064 /* Build configuration list for PBXNativeTarget "sample (macOS)" */ = {
			isa = XCConfigurationList;
			buildConfigurations = (
				8468A9AB27DCCCF0006A9064 /* Debug */,
				8468A9AC27DCCCF0006A9064 /* Release */,
			);
			defaultConfigurationIsVisible = 0;
			defaultConfigurationName = Release;
		};
/* End XCConfigurationList section */
	};
	rootObject = 8468A98A27DCCCEE006A9064 /* Project object */;
}
